// !$*UTF8*$!
{
	archiveVersion = 1;
	classes = {
	};
	objectVersion = 56;
	objects = {

/* Begin PBXBuildFile section */
		508F5769298BB41800B4DB4E /* AddEditContactDetailsViewController.swift in Sources */ = {isa = PBXBuildFile; fileRef = 508F5768298BB41800B4DB4E /* AddEditContactDetailsViewController.swift */; };
		508F576B298CC95800B4DB4E /* NetworkManager.swift in Sources */ = {isa = PBXBuildFile; fileRef = 508F576A298CC95800B4DB4E /* NetworkManager.swift */; };
		508F576D298CCB8200B4DB4E /* ContactData.swift in Sources */ = {isa = PBXBuildFile; fileRef = 508F576C298CCB8200B4DB4E /* ContactData.swift */; };
		50948CA3298E30CC0013440D /* K.swift in Sources */ = {isa = PBXBuildFile; fileRef = 50948CA2298E30CC0013440D /* K.swift */; };
		50BECCC6298B76410028ADD0 /* AppDelegate.swift in Sources */ = {isa = PBXBuildFile; fileRef = 50BECCC5298B76410028ADD0 /* AppDelegate.swift */; };
		50BECCC8298B76410028ADD0 /* SceneDelegate.swift in Sources */ = {isa = PBXBuildFile; fileRef = 50BECCC7298B76410028ADD0 /* SceneDelegate.swift */; };
		50BECCCA298B76410028ADD0 /* ContactsViewController.swift in Sources */ = {isa = PBXBuildFile; fileRef = 50BECCC9298B76410028ADD0 /* ContactsViewController.swift */; };
		50BECCCD298B76410028ADD0 /* Main.storyboard in Resources */ = {isa = PBXBuildFile; fileRef = 50BECCCB298B76410028ADD0 /* Main.storyboard */; };
		50BECCD0298B76410028ADD0 /* RydeContact.xcdatamodeld in Sources */ = {isa = PBXBuildFile; fileRef = 50BECCCE298B76410028ADD0 /* RydeContact.xcdatamodeld */; };
		50BECCD2298B76420028ADD0 /* Assets.xcassets in Resources */ = {isa = PBXBuildFile; fileRef = 50BECCD1298B76420028ADD0 /* Assets.xcassets */; };
		50BECCD5298B76420028ADD0 /* LaunchScreen.storyboard in Resources */ = {isa = PBXBuildFile; fileRef = 50BECCD3298B76420028ADD0 /* LaunchScreen.storyboard */; };
		50BECCE1298B866A0028ADD0 /* ContactCell.swift in Sources */ = {isa = PBXBuildFile; fileRef = 50BECCDF298B866A0028ADD0 /* ContactCell.swift */; };
		50BECCE2298B866A0028ADD0 /* ContactCell.xib in Resources */ = {isa = PBXBuildFile; fileRef = 50BECCE0298B866A0028ADD0 /* ContactCell.xib */; };
		50BECCE4298B8EF90028ADD0 /* CustomImageView.swift in Sources */ = {isa = PBXBuildFile; fileRef = 50BECCE3298B8EF90028ADD0 /* CustomImageView.swift */; };
		50BECCE6298B99590028ADD0 /* ContactDetailsViewController.swift in Sources */ = {isa = PBXBuildFile; fileRef = 50BECCE5298B99590028ADD0 /* ContactDetailsViewController.swift */; };
/* End PBXBuildFile section */

/* Begin PBXFileReference section */
		508F5768298BB41800B4DB4E /* AddEditContactDetailsViewController.swift */ = {isa = PBXFileReference; lastKnownFileType = sourcecode.swift; path = AddEditContactDetailsViewController.swift; sourceTree = "<group>"; };
		508F576A298CC95800B4DB4E /* NetworkManager.swift */ = {isa = PBXFileReference; lastKnownFileType = sourcecode.swift; path = NetworkManager.swift; sourceTree = "<group>"; };
		508F576C298CCB8200B4DB4E /* ContactData.swift */ = {isa = PBXFileReference; lastKnownFileType = sourcecode.swift; path = ContactData.swift; sourceTree = "<group>"; };
		50948CA2298E30CC0013440D /* K.swift */ = {isa = PBXFileReference; lastKnownFileType = sourcecode.swift; path = K.swift; sourceTree = "<group>"; };
		50BECCC2298B76410028ADD0 /* RydeContact.app */ = {isa = PBXFileReference; explicitFileType = wrapper.application; includeInIndex = 0; path = RydeContact.app; sourceTree = BUILT_PRODUCTS_DIR; };
		50BECCC5298B76410028ADD0 /* AppDelegate.swift */ = {isa = PBXFileReference; lastKnownFileType = sourcecode.swift; path = AppDelegate.swift; sourceTree = "<group>"; };
		50BECCC7298B76410028ADD0 /* SceneDelegate.swift */ = {isa = PBXFileReference; lastKnownFileType = sourcecode.swift; path = SceneDelegate.swift; sourceTree = "<group>"; };
		50BECCC9298B76410028ADD0 /* ContactsViewController.swift */ = {isa = PBXFileReference; lastKnownFileType = sourcecode.swift; path = ContactsViewController.swift; sourceTree = "<group>"; };
		50BECCCC298B76410028ADD0 /* Base */ = {isa = PBXFileReference; lastKnownFileType = file.storyboard; name = Base; path = Base.lproj/Main.storyboard; sourceTree = "<group>"; };
		50BECCCF298B76410028ADD0 /* RydeContact.xcdatamodel */ = {isa = PBXFileReference; lastKnownFileType = wrapper.xcdatamodel; path = RydeContact.xcdatamodel; sourceTree = "<group>"; };
		50BECCD1298B76420028ADD0 /* Assets.xcassets */ = {isa = PBXFileReference; lastKnownFileType = folder.assetcatalog; path = Assets.xcassets; sourceTree = "<group>"; };
		50BECCD4298B76420028ADD0 /* Base */ = {isa = PBXFileReference; lastKnownFileType = file.storyboard; name = Base; path = Base.lproj/LaunchScreen.storyboard; sourceTree = "<group>"; };
		50BECCD6298B76420028ADD0 /* Info.plist */ = {isa = PBXFileReference; lastKnownFileType = text.plist.xml; path = Info.plist; sourceTree = "<group>"; };
		50BECCDF298B866A0028ADD0 /* ContactCell.swift */ = {isa = PBXFileReference; lastKnownFileType = sourcecode.swift; path = ContactCell.swift; sourceTree = "<group>"; };
		50BECCE0298B866A0028ADD0 /* ContactCell.xib */ = {isa = PBXFileReference; lastKnownFileType = file.xib; path = ContactCell.xib; sourceTree = "<group>"; };
		50BECCE3298B8EF90028ADD0 /* CustomImageView.swift */ = {isa = PBXFileReference; lastKnownFileType = sourcecode.swift; path = CustomImageView.swift; sourceTree = "<group>"; };
		50BECCE5298B99590028ADD0 /* ContactDetailsViewController.swift */ = {isa = PBXFileReference; lastKnownFileType = sourcecode.swift; path = ContactDetailsViewController.swift; sourceTree = "<group>"; };
/* End PBXFileReference section */

/* Begin PBXFrameworksBuildPhase section */
		50BECCBF298B76410028ADD0 /* Frameworks */ = {
			isa = PBXFrameworksBuildPhase;
			buildActionMask = 2147483647;
			files = (
			);
			runOnlyForDeploymentPostprocessing = 0;
		};
/* End PBXFrameworksBuildPhase section */

/* Begin PBXGroup section */
		50BECCB9298B76410028ADD0 = {
			isa = PBXGroup;
			children = (
				50BECCC4298B76410028ADD0 /* RydeContact */,
				50BECCC3298B76410028ADD0 /* Products */,
			);
			sourceTree = "<group>";
		};
		50BECCC3298B76410028ADD0 /* Products */ = {
			isa = PBXGroup;
			children = (
				50BECCC2298B76410028ADD0 /* RydeContact.app */,
			);
			name = Products;
			sourceTree = "<group>";
		};
		50BECCC4298B76410028ADD0 /* RydeContact */ = {
			isa = PBXGroup;
			children = (
				50BECCDE298B7AFD0028ADD0 /* Models */,
				50BECCDD298B7AF50028ADD0 /* Controller */,
				50BECCDC298B7AE60028ADD0 /* View */,
				50948CA2298E30CC0013440D /* K.swift */,
				50BECCC5298B76410028ADD0 /* AppDelegate.swift */,
				50BECCC7298B76410028ADD0 /* SceneDelegate.swift */,
				50BECCD1298B76420028ADD0 /* Assets.xcassets */,
				50BECCD3298B76420028ADD0 /* LaunchScreen.storyboard */,
				50BECCD6298B76420028ADD0 /* Info.plist */,
			);
			path = RydeContact;
			sourceTree = "<group>";
		};
		50BECCDC298B7AE60028ADD0 /* View */ = {
			isa = PBXGroup;
			children = (
				50BECCCB298B76410028ADD0 /* Main.storyboard */,
				50BECCDF298B866A0028ADD0 /* ContactCell.swift */,
				50BECCE0298B866A0028ADD0 /* ContactCell.xib */,
				50BECCE3298B8EF90028ADD0 /* CustomImageView.swift */,
			);
			path = View;
			sourceTree = "<group>";
		};
		50BECCDD298B7AF50028ADD0 /* Controller */ = {
			isa = PBXGroup;
			children = (
				50BECCC9298B76410028ADD0 /* ContactsViewController.swift */,
				50BECCE5298B99590028ADD0 /* ContactDetailsViewController.swift */,
				508F5768298BB41800B4DB4E /* AddEditContactDetailsViewController.swift */,
			);
			path = Controller;
			sourceTree = "<group>";
		};
		50BECCDE298B7AFD0028ADD0 /* Models */ = {
			isa = PBXGroup;
			children = (
				508F576A298CC95800B4DB4E /* NetworkManager.swift */,
				508F576C298CCB8200B4DB4E /* ContactData.swift */,
				50BECCCE298B76410028ADD0 /* RydeContact.xcdatamodeld */,
			);
			path = Models;
			sourceTree = "<group>";
		};
/* End PBXGroup section */

/* Begin PBXNativeTarget section */
		50BECCC1298B76410028ADD0 /* RydeContact */ = {
			isa = PBXNativeTarget;
			buildConfigurationList = 50BECCD9298B76420028ADD0 /* Build configuration list for PBXNativeTarget "RydeContact" */;
			buildPhases = (
				50BECCBE298B76410028ADD0 /* Sources */,
				50BECCBF298B76410028ADD0 /* Frameworks */,
				50BECCC0298B76410028ADD0 /* Resources */,
			);
			buildRules = (
			);
			dependencies = (
			);
			name = RydeContact;
			productName = RydeContact;
			productReference = 50BECCC2298B76410028ADD0 /* RydeContact.app */;
			productType = "com.apple.product-type.application";
		};
/* End PBXNativeTarget section */

/* Begin PBXProject section */
		50BECCBA298B76410028ADD0 /* Project object */ = {
			isa = PBXProject;
			attributes = {
				BuildIndependentTargetsInParallel = 1;
				LastSwiftUpdateCheck = 1410;
				LastUpgradeCheck = 1410;
				TargetAttributes = {
					50BECCC1298B76410028ADD0 = {
						CreatedOnToolsVersion = 14.1;
					};
				};
			};
			buildConfigurationList = 50BECCBD298B76410028ADD0 /* Build configuration list for PBXProject "RydeContact" */;
			compatibilityVersion = "Xcode 14.0";
			developmentRegion = en;
			hasScannedForEncodings = 0;
			knownRegions = (
				en,
				Base,
			);
			mainGroup = 50BECCB9298B76410028ADD0;
			productRefGroup = 50BECCC3298B76410028ADD0 /* Products */;
			projectDirPath = "";
			projectRoot = "";
			targets = (
				50BECCC1298B76410028ADD0 /* RydeContact */,
			);
		};
/* End PBXProject section */

/* Begin PBXResourcesBuildPhase section */
		50BECCC0298B76410028ADD0 /* Resources */ = {
			isa = PBXResourcesBuildPhase;
			buildActionMask = 2147483647;
			files = (
				50BECCE2298B866A0028ADD0 /* ContactCell.xib in Resources */,
				50BECCD5298B76420028ADD0 /* LaunchScreen.storyboard in Resources */,
				50BECCD2298B76420028ADD0 /* Assets.xcassets in Resources */,
				50BECCCD298B76410028ADD0 /* Main.storyboard in Resources */,
			);
			runOnlyForDeploymentPostprocessing = 0;
		};
/* End PBXResourcesBuildPhase section */

/* Begin PBXSourcesBuildPhase section */
		50BECCBE298B76410028ADD0 /* Sources */ = {
			isa = PBXSourcesBuildPhase;
			buildActionMask = 2147483647;
			files = (
				508F576B298CC95800B4DB4E /* NetworkManager.swift in Sources */,
				50BECCE1298B866A0028ADD0 /* ContactCell.swift in Sources */,
				50BECCE6298B99590028ADD0 /* ContactDetailsViewController.swift in Sources */,
				50BECCE4298B8EF90028ADD0 /* CustomImageView.swift in Sources */,
				508F576D298CCB8200B4DB4E /* ContactData.swift in Sources */,
				50BECCD0298B76410028ADD0 /* RydeContact.xcdatamodeld in Sources */,
				50948CA3298E30CC0013440D /* K.swift in Sources */,
				508F5769298BB41800B4DB4E /* AddEditContactDetailsViewController.swift in Sources */,
				50BECCCA298B76410028ADD0 /* ContactsViewController.swift in Sources */,
				50BECCC6298B76410028ADD0 /* AppDelegate.swift in Sources */,
				50BECCC8298B76410028ADD0 /* SceneDelegate.swift in Sources */,
			);
			runOnlyForDeploymentPostprocessing = 0;
		};
/* End PBXSourcesBuildPhase section */

/* Begin PBXVariantGroup section */
		50BECCCB298B76410028ADD0 /* Main.storyboard */ = {
			isa = PBXVariantGroup;
			children = (
				50BECCCC298B76410028ADD0 /* Base */,
			);
			name = Main.storyboard;
			sourceTree = "<group>";
		};
		50BECCD3298B76420028ADD0 /* LaunchScreen.storyboard */ = {
			isa = PBXVariantGroup;
			children = (
				50BECCD4298B76420028ADD0 /* Base */,
			);
			name = LaunchScreen.storyboard;
			sourceTree = "<group>";
		};
/* End PBXVariantGroup section */

/* Begin XCBuildConfiguration section */
		50BECCD7298B76420028ADD0 /* Debug */ = {
			isa = XCBuildConfiguration;
			buildSettings = {
				ALWAYS_SEARCH_USER_PATHS = NO;
				CLANG_ANALYZER_NONNULL = YES;
				CLANG_ANALYZER_NUMBER_OBJECT_CONVERSION = YES_AGGRESSIVE;
				CLANG_CXX_LANGUAGE_STANDARD = "gnu++20";
				CLANG_ENABLE_MODULES = YES;
				CLANG_ENABLE_OBJC_ARC = YES;
				CLANG_ENABLE_OBJC_WEAK = YES;
				CLANG_WARN_BLOCK_CAPTURE_AUTORELEASING = YES;
				CLANG_WARN_BOOL_CONVERSION = YES;
				CLANG_WARN_COMMA = YES;
				CLANG_WARN_CONSTANT_CONVERSION = YES;
				CLANG_WARN_DEPRECATED_OBJC_IMPLEMENTATIONS = YES;
				CLANG_WARN_DIRECT_OBJC_ISA_USAGE = YES_ERROR;
				CLANG_WARN_DOCUMENTATION_COMMENTS = YES;
				CLANG_WARN_EMPTY_BODY = YES;
				CLANG_WARN_ENUM_CONVERSION = YES;
				CLANG_WARN_INFINITE_RECURSION = YES;
				CLANG_WARN_INT_CONVERSION = YES;
				CLANG_WARN_NON_LITERAL_NULL_CONVERSION = YES;
				CLANG_WARN_OBJC_IMPLICIT_RETAIN_SELF = YES;
				CLANG_WARN_OBJC_LITERAL_CONVERSION = YES;
				CLANG_WARN_OBJC_ROOT_CLASS = YES_ERROR;
				CLANG_WARN_QUOTED_INCLUDE_IN_FRAMEWORK_HEADER = YES;
				CLANG_WARN_RANGE_LOOP_ANALYSIS = YES;
				CLANG_WARN_STRICT_PROTOTYPES = YES;
				CLANG_WARN_SUSPICIOUS_MOVE = YES;
				CLANG_WARN_UNGUARDED_AVAILABILITY = YES_AGGRESSIVE;
				CLANG_WARN_UNREACHABLE_CODE = YES;
				CLANG_WARN__DUPLICATE_METHOD_MATCH = YES;
				COPY_PHASE_STRIP = NO;
				DEBUG_INFORMATION_FORMAT = dwarf;
				ENABLE_STRICT_OBJC_MSGSEND = YES;
				ENABLE_TESTABILITY = YES;
				GCC_C_LANGUAGE_STANDARD = gnu11;
				GCC_DYNAMIC_NO_PIC = NO;
				GCC_NO_COMMON_BLOCKS = YES;
				GCC_OPTIMIZATION_LEVEL = 0;
				GCC_PREPROCESSOR_DEFINITIONS = (
					"DEBUG=1",
					"$(inherited)",
				);
				GCC_WARN_64_TO_32_BIT_CONVERSION = YES;
				GCC_WARN_ABOUT_RETURN_TYPE = YES_ERROR;
				GCC_WARN_UNDECLARED_SELECTOR = YES;
				GCC_WARN_UNINITIALIZED_AUTOS = YES_AGGRESSIVE;
				GCC_WARN_UNUSED_FUNCTION = YES;
				GCC_WARN_UNUSED_VARIABLE = YES;
				IPHONEOS_DEPLOYMENT_TARGET = 16.1;
				MTL_ENABLE_DEBUG_INFO = INCLUDE_SOURCE;
				MTL_FAST_MATH = YES;
				ONLY_ACTIVE_ARCH = YES;
				SDKROOT = iphoneos;
				SWIFT_ACTIVE_COMPILATION_CONDITIONS = DEBUG;
				SWIFT_OPTIMIZATION_LEVEL = "-Onone";
			};
			name = Debug;
		};
		50BECCD8298B76420028ADD0 /* Release */ = {
			isa = XCBuildConfiguration;
			buildSettings = {
				ALWAYS_SEARCH_USER_PATHS = NO;
				CLANG_ANALYZER_NONNULL = YES;
				CLANG_ANALYZER_NUMBER_OBJECT_CONVERSION = YES_AGGRESSIVE;
				CLANG_CXX_LANGUAGE_STANDARD = "gnu++20";
				CLANG_ENABLE_MODULES = YES;
				CLANG_ENABLE_OBJC_ARC = YES;
				CLANG_ENABLE_OBJC_WEAK = YES;
				CLANG_WARN_BLOCK_CAPTURE_AUTORELEASING = YES;
				CLANG_WARN_BOOL_CONVERSION = YES;
				CLANG_WARN_COMMA = YES;
				CLANG_WARN_CONSTANT_CONVERSION = YES;
				CLANG_WARN_DEPRECATED_OBJC_IMPLEMENTATIONS = YES;
				CLANG_WARN_DIRECT_OBJC_ISA_USAGE = YES_ERROR;
				CLANG_WARN_DOCUMENTATION_COMMENTS = YES;
				CLANG_WARN_EMPTY_BODY = YES;
				CLANG_WARN_ENUM_CONVERSION = YES;
				CLANG_WARN_INFINITE_RECURSION = YES;
				CLANG_WARN_INT_CONVERSION = YES;
				CLANG_WARN_NON_LITERAL_NULL_CONVERSION = YES;
				CLANG_WARN_OBJC_IMPLICIT_RETAIN_SELF = YES;
				CLANG_WARN_OBJC_LITERAL_CONVERSION = YES;
				CLANG_WARN_OBJC_ROOT_CLASS = YES_ERROR;
				CLANG_WARN_QUOTED_INCLUDE_IN_FRAMEWORK_HEADER = YES;
				CLANG_WARN_RANGE_LOOP_ANALYSIS = YES;
				CLANG_WARN_STRICT_PROTOTYPES = YES;
				CLANG_WARN_SUSPICIOUS_MOVE = YES;
				CLANG_WARN_UNGUARDED_AVAILABILITY = YES_AGGRESSIVE;
				CLANG_WARN_UNREACHABLE_CODE = YES;
				CLANG_WARN__DUPLICATE_METHOD_MATCH = YES;
				COPY_PHASE_STRIP = NO;
				DEBUG_INFORMATION_FORMAT = "dwarf-with-dsym";
				ENABLE_NS_ASSERTIONS = NO;
				ENABLE_STRICT_OBJC_MSGSEND = YES;
				GCC_C_LANGUAGE_STANDARD = gnu11;
				GCC_NO_COMMON_BLOCKS = YES;
				GCC_WARN_64_TO_32_BIT_CONVERSION = YES;
				GCC_WARN_ABOUT_RETURN_TYPE = YES_ERROR;
				GCC_WARN_UNDECLARED_SELECTOR = YES;
				GCC_WARN_UNINITIALIZED_AUTOS = YES_AGGRESSIVE;
				GCC_WARN_UNUSED_FUNCTION = YES;
				GCC_WARN_UNUSED_VARIABLE = YES;
				IPHONEOS_DEPLOYMENT_TARGET = 16.1;
				MTL_ENABLE_DEBUG_INFO = NO;
				MTL_FAST_MATH = YES;
				SDKROOT = iphoneos;
				SWIFT_COMPILATION_MODE = wholemodule;
				SWIFT_OPTIMIZATION_LEVEL = "-O";
				VALIDATE_PRODUCT = YES;
			};
			name = Release;
		};
		50BECCDA298B76420028ADD0 /* Debug */ = {
			isa = XCBuildConfiguration;
			buildSettings = {
				ASSETCATALOG_COMPILER_APPICON_NAME = AppIcon;
				ASSETCATALOG_COMPILER_GLOBAL_ACCENT_COLOR_NAME = AccentColor;
				CODE_SIGN_STYLE = Automatic;
				CURRENT_PROJECT_VERSION = 1;
				DEVELOPMENT_TEAM = 668DX3MPP7;
				GENERATE_INFOPLIST_FILE = YES;
				INFOPLIST_FILE = RydeContact/Info.plist;
				INFOPLIST_KEY_UIApplicationSupportsIndirectInputEvents = YES;
				INFOPLIST_KEY_UILaunchStoryboardName = LaunchScreen;
				INFOPLIST_KEY_UIMainStoryboardFile = Main;
				INFOPLIST_KEY_UISupportedInterfaceOrientations_iPad = "UIInterfaceOrientationPortrait UIInterfaceOrientationPortraitUpsideDown UIInterfaceOrientationLandscapeLeft UIInterfaceOrientationLandscapeRight";
				INFOPLIST_KEY_UISupportedInterfaceOrientations_iPhone = "UIInterfaceOrientationPortrait UIInterfaceOrientationLandscapeLeft UIInterfaceOrientationLandscapeRight";
				LD_RUNPATH_SEARCH_PATHS = (
					"$(inherited)",
					"@executable_path/Frameworks",
				);
				MARKETING_VERSION = 1.0;
				PRODUCT_BUNDLE_IDENTIFIER = com.szbase.RydeContact;
				PRODUCT_NAME = "$(TARGET_NAME)";
				SWIFT_EMIT_LOC_STRINGS = YES;
				SWIFT_VERSION = 5.0;
				TARGETED_DEVICE_FAMILY = "1,2";
			};
			name = Debug;
		};
		50BECCDB298B76420028ADD0 /* Release */ = {
			isa = XCBuildConfiguration;
			buildSettings = {
				ASSETCATALOG_COMPILER_APPICON_NAME = AppIcon;
				ASSETCATALOG_COMPILER_GLOBAL_ACCENT_COLOR_NAME = AccentColor;
				CODE_SIGN_STYLE = Automatic;
				CURRENT_PROJECT_VERSION = 1;
				DEVELOPMENT_TEAM = 668DX3MPP7;
				GENERATE_INFOPLIST_FILE = YES;
				INFOPLIST_FILE = RydeContact/Info.plist;
				INFOPLIST_KEY_UIApplicationSupportsIndirectInputEvents = YES;
				INFOPLIST_KEY_UILaunchStoryboardName = LaunchScreen;
				INFOPLIST_KEY_UIMainStoryboardFile = Main;
				INFOPLIST_KEY_UISupportedInterfaceOrientations_iPad = "UIInterfaceOrientationPortrait UIInterfaceOrientationPortraitUpsideDown UIInterfaceOrientationLandscapeLeft UIInterfaceOrientationLandscapeRight";
				INFOPLIST_KEY_UISupportedInterfaceOrientations_iPhone = "UIInterfaceOrientationPortrait UIInterfaceOrientationLandscapeLeft UIInterfaceOrientationLandscapeRight";
				LD_RUNPATH_SEARCH_PATHS = (
					"$(inherited)",
					"@executable_path/Frameworks",
				);
				MARKETING_VERSION = 1.0;
				PRODUCT_BUNDLE_IDENTIFIER = com.szbase.RydeContact;
				PRODUCT_NAME = "$(TARGET_NAME)";
				SWIFT_EMIT_LOC_STRINGS = YES;
				SWIFT_VERSION = 5.0;
				TARGETED_DEVICE_FAMILY = "1,2";
			};
			name = Release;
		};
/* End XCBuildConfiguration section */

/* Begin XCConfigurationList section */
		50BECCBD298B76410028ADD0 /* Build configuration list for PBXProject "RydeContact" */ = {
			isa = XCConfigurationList;
			buildConfigurations = (
				50BECCD7298B76420028ADD0 /* Debug */,
				50BECCD8298B76420028ADD0 /* Release */,
			);
			defaultConfigurationIsVisible = 0;
			defaultConfigurationName = Release;
		};
		50BECCD9298B76420028ADD0 /* Build configuration list for PBXNativeTarget "RydeContact" */ = {
			isa = XCConfigurationList;
			buildConfigurations = (
				50BECCDA298B76420028ADD0 /* Debug */,
				50BECCDB298B76420028ADD0 /* Release */,
			);
			defaultConfigurationIsVisible = 0;
			defaultConfigurationName = Release;
		};
/* End XCConfigurationList section */

/* Begin XCVersionGroup section */
		50BECCCE298B76410028ADD0 /* RydeContact.xcdatamodeld */ = {
			isa = XCVersionGroup;
			children = (
				50BECCCF298B76410028ADD0 /* RydeContact.xcdatamodel */,
			);
			currentVersion = 50BECCCF298B76410028ADD0 /* RydeContact.xcdatamodel */;
			path = RydeContact.xcdatamodeld;
			sourceTree = "<group>";
			versionGroupType = wrapper.xcdatamodel;
		};
/* End XCVersionGroup section */
	};
	rootObject = 50BECCBA298B76410028ADD0 /* Project object */;
}
